
Microsoft Visual Studio Solution File, Format Version 12.00
# Visual Studio 15
VisualStudioVersion = 15.0.28307.645
MinimumVisualStudioVersion = 10.0.40219.1
Project("{FAE04EC0-301F-11D3-BF4B-00C04F79EFBC}") = "PhoneBackOffice", "..\PhoneBackOffice\PhoneBackOffice.csproj", "{41C291FA-6C14-48C9-BD40-562729160B52}"
EndProject
Project("{E24C65DC-7377-472B-9ABA-BC803B73C61A}") = "PhoneFrontOffice", "PhoneFrontOffice\", "{C5452E41-EE22-40BA-BF25-68C56B1088EE}"
	ProjectSection(WebsiteProperties) = preProject
		TargetFrameworkMoniker = ".NETFramework,Version%3Dv4.6.1"
		Debug.AspNetCompiler.VirtualPath = "/localhost_4368"
		Debug.AspNetCompiler.PhysicalPath = "PhoneFrontOffice\"
		Debug.AspNetCompiler.TargetPath = "PrecompiledWeb\localhost_4368\"
		Debug.AspNetCompiler.Updateable = "true"
		Debug.AspNetCompiler.ForceOverwrite = "true"
		Debug.AspNetCompiler.FixedNames = "false"
		Debug.AspNetCompiler.Debug = "True"
		Release.AspNetCompiler.VirtualPath = "/localhost_4368"
		Release.AspNetCompiler.PhysicalPath = "PhoneFrontOffice\"
		Release.AspNetCompiler.TargetPath = "PrecompiledWeb\localhost_4368\"
		Release.AspNetCompiler.Updateable = "true"
		Release.AspNetCompiler.ForceOverwrite = "true"
		Release.AspNetCompiler.FixedNames = "false"
		Release.AspNetCompiler.Debug = "False"
		VWDPort = "4368"
		SlnRelativePath = "PhoneFrontOffice\"
		DefaultWebSiteLanguage = "Visual C#"
	EndProjectSection
EndProject
Project("{FAE04EC0-301F-11D3-BF4B-00C04F79EFBC}") = "PhoneClass", "PhoneClass\PhoneClass.csproj", "{D5A89F46-856D-44C4-93A8-30A6F73B52EF}"
EndProject
Project("{FAE04EC0-301F-11D3-BF4B-00C04F79EFBC}") = "Phone Testing", "Phone Testing\Phone Testing.csproj", "{2CD9BAE1-6F17-4DCD-8429-EC0FD5537C19}"
EndProject
Global
	GlobalSection(SolutionConfigurationPlatforms) = preSolution
		Debug|Any CPU = Debug|Any CPU
		Release|Any CPU = Release|Any CPU
	EndGlobalSection
	GlobalSection(ProjectConfigurationPlatforms) = postSolution
		{41C291FA-6C14-48C9-BD40-562729160B52}.Debug|Any CPU.ActiveCfg = Debug|Any CPU
		{41C291FA-6C14-48C9-BD40-562729160B52}.Debug|Any CPU.Build.0 = Debug|Any CPU
		{41C291FA-6C14-48C9-BD40-562729160B52}.Release|Any CPU.ActiveCfg = Release|Any CPU
		{41C291FA-6C14-48C9-BD40-562729160B52}.Release|Any CPU.Build.0 = Release|Any CPU
		{C5452E41-EE22-40BA-BF25-68C56B1088EE}.Debug|Any CPU.ActiveCfg = Debug|Any CPU
		{C5452E41-EE22-40BA-BF25-68C56B1088EE}.Debug|Any CPU.Build.0 = Debug|Any CPU
		{C5452E41-EE22-40BA-BF25-68C56B1088EE}.Release|Any CPU.ActiveCfg = Debug|Any CPU
		{C5452E41-EE22-40BA-BF25-68C56B1088EE}.Release|Any CPU.Build.0 = Debug|Any CPU
		{D5A89F46-856D-44C4-93A8-30A6F73B52EF}.Debug|Any CPU.ActiveCfg = Debug|Any CPU
		{D5A89F46-856D-44C4-93A8-30A6F73B52EF}.Debug|Any CPU.Build.0 = Debug|Any CPU
		{D5A89F46-856D-44C4-93A8-30A6F73B52EF}.Release|Any CPU.ActiveCfg = Release|Any CPU
		{D5A89F46-856D-44C4-93A8-30A6F73B52EF}.Release|Any CPU.Build.0 = Release|Any CPU
		{2CD9BAE1-6F17-4DCD-8429-EC0FD5537C19}.Debug|Any CPU.ActiveCfg = Debug|Any CPU
		{2CD9BAE1-6F17-4DCD-8429-EC0FD5537C19}.Debug|Any CPU.Build.0 = Debug|Any CPU
		{2CD9BAE1-6F17-4DCD-8429-EC0FD5537C19}.Release|Any CPU.ActiveCfg = Release|Any CPU
		{2CD9BAE1-6F17-4DCD-8429-EC0FD5537C19}.Release|Any CPU.Build.0 = Release|Any CPU
	EndGlobalSection
	GlobalSection(SolutionProperties) = preSolution
		HideSolutionNode = FALSE
	EndGlobalSection
	GlobalSection(ExtensibilityGlobals) = postSolution
		SolutionGuid = {A87072C0-49E2-49D0-A366-F97F33F56D6D}
	EndGlobalSection
EndGlobal
